// !$*UTF8*$!
{
	archiveVersion = 1;
	classes = {
	};
	objectVersion = 46;
	objects = {

/* Begin PBXBuildFile section */
		0F75488097B53E7A8DB13E1E /* Pods_NisanScanner.framework in Frameworks */ = {isa = PBXBuildFile; fileRef = A4674C36BA38D878AAF1B566 /* Pods_NisanScanner.framework */; };
		631519201DF0E5C60073296F /* AppDelegate.swift in Sources */ = {isa = PBXBuildFile; fileRef = 6315191F1DF0E5C60073296F /* AppDelegate.swift */; };
		631519221DF0E5C60073296F /* ViewController.swift in Sources */ = {isa = PBXBuildFile; fileRef = 631519211DF0E5C60073296F /* ViewController.swift */; };
		631519251DF0E5C60073296F /* Main.storyboard in Resources */ = {isa = PBXBuildFile; fileRef = 631519231DF0E5C60073296F /* Main.storyboard */; };
		631519281DF0E5C60073296F /* NisanScanner.xcdatamodeld in Sources */ = {isa = PBXBuildFile; fileRef = 631519261DF0E5C60073296F /* NisanScanner.xcdatamodeld */; };
		6315192A1DF0E5C60073296F /* Assets.xcassets in Resources */ = {isa = PBXBuildFile; fileRef = 631519291DF0E5C60073296F /* Assets.xcassets */; };
		6315192D1DF0E5C60073296F /* LaunchScreen.storyboard in Resources */ = {isa = PBXBuildFile; fileRef = 6315192B1DF0E5C60073296F /* LaunchScreen.storyboard */; };
		631519351DF0E6D40073296F /* ScannerController.swift in Sources */ = {isa = PBXBuildFile; fileRef = 631519341DF0E6D40073296F /* ScannerController.swift */; };
		631519371DF0EBD40073296F /* Produs.swift in Sources */ = {isa = PBXBuildFile; fileRef = 631519361DF0EBD40073296F /* Produs.swift */; };
		63E75B081DFB65C700FA34EC /* MapKit.framework in Frameworks */ = {isa = PBXBuildFile; fileRef = 63E75B071DFB65C700FA34EC /* MapKit.framework */; };
/* End PBXBuildFile section */

/* Begin PBXFileReference section */
		6315191C1DF0E5C60073296F /* NisanScanner.app */ = {isa = PBXFileReference; explicitFileType = wrapper.application; includeInIndex = 0; path = NisanScanner.app; sourceTree = BUILT_PRODUCTS_DIR; };
		6315191F1DF0E5C60073296F /* AppDelegate.swift */ = {isa = PBXFileReference; lastKnownFileType = sourcecode.swift; path = AppDelegate.swift; sourceTree = "<group>"; };
		631519211DF0E5C60073296F /* ViewController.swift */ = {isa = PBXFileReference; lastKnownFileType = sourcecode.swift; path = ViewController.swift; sourceTree = "<group>"; };
		631519241DF0E5C60073296F /* Base */ = {isa = PBXFileReference; lastKnownFileType = file.storyboard; name = Base; path = Base.lproj/Main.storyboard; sourceTree = "<group>"; };
		631519271DF0E5C60073296F /* NisanScanner.xcdatamodel */ = {isa = PBXFileReference; lastKnownFileType = wrapper.xcdatamodel; path = NisanScanner.xcdatamodel; sourceTree = "<group>"; };
		631519291DF0E5C60073296F /* Assets.xcassets */ = {isa = PBXFileReference; lastKnownFileType = folder.assetcatalog; path = Assets.xcassets; sourceTree = "<group>"; };
		6315192C1DF0E5C60073296F /* Base */ = {isa = PBXFileReference; lastKnownFileType = file.storyboard; name = Base; path = Base.lproj/LaunchScreen.storyboard; sourceTree = "<group>"; };
		6315192E1DF0E5C60073296F /* Info.plist */ = {isa = PBXFileReference; lastKnownFileType = text.plist.xml; path = Info.plist; sourceTree = "<group>"; };
		631519341DF0E6D40073296F /* ScannerController.swift */ = {isa = PBXFileReference; fileEncoding = 4; lastKnownFileType = sourcecode.swift; path = ScannerController.swift; sourceTree = "<group>"; };
		631519361DF0EBD40073296F /* Produs.swift */ = {isa = PBXFileReference; fileEncoding = 4; lastKnownFileType = sourcecode.swift; path = Produs.swift; sourceTree = "<group>"; };
		63E75B071DFB65C700FA34EC /* MapKit.framework */ = {isa = PBXFileReference; lastKnownFileType = wrapper.framework; name = MapKit.framework; path = System/Library/Frameworks/MapKit.framework; sourceTree = SDKROOT; };
		63E75B091DFB65CD00FA34EC /* NisanScanner.entitlements */ = {isa = PBXFileReference; lastKnownFileType = text.plist.entitlements; path = NisanScanner.entitlements; sourceTree = "<group>"; };
		9B8C4102C03528ABAD4E2D77 /* Pods-NisanScanner.release.xcconfig */ = {isa = PBXFileReference; includeInIndex = 1; lastKnownFileType = text.xcconfig; name = "Pods-NisanScanner.release.xcconfig"; path = "Pods/Target Support Files/Pods-NisanScanner/Pods-NisanScanner.release.xcconfig"; sourceTree = "<group>"; };
		A4674C36BA38D878AAF1B566 /* Pods_NisanScanner.framework */ = {isa = PBXFileReference; explicitFileType = wrapper.framework; includeInIndex = 0; path = Pods_NisanScanner.framework; sourceTree = BUILT_PRODUCTS_DIR; };
		EE8C2B38B0BAC901B3FBA3FF /* Pods-NisanScanner.debug.xcconfig */ = {isa = PBXFileReference; includeInIndex = 1; lastKnownFileType = text.xcconfig; name = "Pods-NisanScanner.debug.xcconfig"; path = "Pods/Target Support Files/Pods-NisanScanner/Pods-NisanScanner.debug.xcconfig"; sourceTree = "<group>"; };
/* End PBXFileReference section */

/* Begin PBXFrameworksBuildPhase section */
		631519191DF0E5C60073296F /* Frameworks */ = {
			isa = PBXFrameworksBuildPhase;
			buildActionMask = 2147483647;
			files = (
				63E75B081DFB65C700FA34EC /* MapKit.framework in Frameworks */,
				0F75488097B53E7A8DB13E1E /* Pods_NisanScanner.framework in Frameworks */,
			);
			runOnlyForDeploymentPostprocessing = 0;
		};
/* End PBXFrameworksBuildPhase section */

/* Begin PBXGroup section */
		253E0802580FC67125729E69 /* Frameworks */ = {
			isa = PBXGroup;
			children = (
				63E75B071DFB65C700FA34EC /* MapKit.framework */,
				A4674C36BA38D878AAF1B566 /* Pods_NisanScanner.framework */,
			);
			name = Frameworks;
			sourceTree = "<group>";
		};
		631519131DF0E5C60073296F = {
			isa = PBXGroup;
			children = (
				6315191E1DF0E5C60073296F /* NisanScanner */,
				6315191D1DF0E5C60073296F /* Products */,
				87A8247115B93F9CB5E92FF7 /* Pods */,
				253E0802580FC67125729E69 /* Frameworks */,
			);
			sourceTree = "<group>";
		};
		6315191D1DF0E5C60073296F /* Products */ = {
			isa = PBXGroup;
			children = (
				6315191C1DF0E5C60073296F /* NisanScanner.app */,
			);
			name = Products;
			sourceTree = "<group>";
		};
		6315191E1DF0E5C60073296F /* NisanScanner */ = {
			isa = PBXGroup;
			children = (
				63E75B091DFB65CD00FA34EC /* NisanScanner.entitlements */,
				6315191F1DF0E5C60073296F /* AppDelegate.swift */,
				631519211DF0E5C60073296F /* ViewController.swift */,
				631519341DF0E6D40073296F /* ScannerController.swift */,
				631519361DF0EBD40073296F /* Produs.swift */,
				631519231DF0E5C60073296F /* Main.storyboard */,
				631519291DF0E5C60073296F /* Assets.xcassets */,
				6315192B1DF0E5C60073296F /* LaunchScreen.storyboard */,
				6315192E1DF0E5C60073296F /* Info.plist */,
				631519261DF0E5C60073296F /* NisanScanner.xcdatamodeld */,
			);
			path = NisanScanner;
			sourceTree = "<group>";
		};
		87A8247115B93F9CB5E92FF7 /* Pods */ = {
			isa = PBXGroup;
			children = (
				EE8C2B38B0BAC901B3FBA3FF /* Pods-NisanScanner.debug.xcconfig */,
				9B8C4102C03528ABAD4E2D77 /* Pods-NisanScanner.release.xcconfig */,
			);
			name = Pods;
			sourceTree = "<group>";
		};
/* End PBXGroup section */

/* Begin PBXNativeTarget section */
		6315191B1DF0E5C60073296F /* NisanScanner */ = {
			isa = PBXNativeTarget;
			buildConfigurationList = 631519311DF0E5C60073296F /* Build configuration list for PBXNativeTarget "NisanScanner" */;
			buildPhases = (
				DEC911654593B80FC8C45624 /* [CP] Check Pods Manifest.lock */,
				631519181DF0E5C60073296F /* Sources */,
				631519191DF0E5C60073296F /* Frameworks */,
				6315191A1DF0E5C60073296F /* Resources */,
				D6C37A440B1091421530D589 /* [CP] Embed Pods Frameworks */,
				C2A3EFCE5F8AE4813A554831 /* [CP] Copy Pods Resources */,
			);
			buildRules = (
			);
			dependencies = (
			);
			name = NisanScanner;
			productName = NisanScanner;
			productReference = 6315191C1DF0E5C60073296F /* NisanScanner.app */;
			productType = "com.apple.product-type.application";
		};
/* End PBXNativeTarget section */

/* Begin PBXProject section */
		631519141DF0E5C60073296F /* Project object */ = {
			isa = PBXProject;
			attributes = {
				LastSwiftUpdateCheck = 0810;
				LastUpgradeCheck = 0810;
				ORGANIZATIONNAME = "Radu Tothazan";
				TargetAttributes = {
					6315191B1DF0E5C60073296F = {
						CreatedOnToolsVersion = 8.1;
						DevelopmentTeam = 598JXASR93;
						ProvisioningStyle = Automatic;
						SystemCapabilities = {
							com.apple.Keychain = {
								enabled = 0;
							};
							com.apple.Maps.iOS = {
								enabled = 0;
							};
						};
					};
				};
			};
			buildConfigurationList = 631519171DF0E5C60073296F /* Build configuration list for PBXProject "NisanScanner" */;
			compatibilityVersion = "Xcode 3.2";
			developmentRegion = English;
			hasScannedForEncodings = 0;
			knownRegions = (
				en,
				Base,
			);
			mainGroup = 631519131DF0E5C60073296F;
			productRefGroup = 6315191D1DF0E5C60073296F /* Products */;
			projectDirPath = "";
			projectRoot = "";
			targets = (
				6315191B1DF0E5C60073296F /* NisanScanner */,
			);
		};
/* End PBXProject section */

/* Begin PBXResourcesBuildPhase section */
		6315191A1DF0E5C60073296F /* Resources */ = {
			isa = PBXResourcesBuildPhase;
			buildActionMask = 2147483647;
			files = (
				6315192D1DF0E5C60073296F /* LaunchScreen.storyboard in Resources */,
				6315192A1DF0E5C60073296F /* Assets.xcassets in Resources */,
				631519251DF0E5C60073296F /* Main.storyboard in Resources */,
			);
			runOnlyForDeploymentPostprocessing = 0;
		};
/* End PBXResourcesBuildPhase section */

/* Begin PBXShellScriptBuildPhase section */
		C2A3EFCE5F8AE4813A554831 /* [CP] Copy Pods Resources */ = {
			isa = PBXShellScriptBuildPhase;
			buildActionMask = 2147483647;
			files = (
			);
			inputPaths = (
			);
			name = "[CP] Copy Pods Resources";
			outputPaths = (
			);
			runOnlyForDeploymentPostprocessing = 0;
			shellPath = /bin/sh;
			shellScript = "\"${SRCROOT}/Pods/Target Support Files/Pods-NisanScanner/Pods-NisanScanner-resources.sh\"\n";
			showEnvVarsInLog = 0;
		};
		D6C37A440B1091421530D589 /* [CP] Embed Pods Frameworks */ = {
			isa = PBXShellScriptBuildPhase;
			buildActionMask = 2147483647;
			files = (
			);
			inputPaths = (
			);
			name = "[CP] Embed Pods Frameworks";
			outputPaths = (
			);
			runOnlyForDeploymentPostprocessing = 0;
			shellPath = /bin/sh;
			shellScript = "\"${SRCROOT}/Pods/Target Support Files/Pods-NisanScanner/Pods-NisanScanner-frameworks.sh\"\n";
			showEnvVarsInLog = 0;
		};
		DEC911654593B80FC8C45624 /* [CP] Check Pods Manifest.lock */ = {
			isa = PBXShellScriptBuildPhase;
			buildActionMask = 2147483647;
			files = (
			);
			inputPaths = (
			);
			name = "[CP] Check Pods Manifest.lock";
			outputPaths = (
			);
			runOnlyForDeploymentPostprocessing = 0;
			shellPath = /bin/sh;
			shellScript = "diff \"${PODS_ROOT}/../Podfile.lock\" \"${PODS_ROOT}/Manifest.lock\" > /dev/null\nif [ $? != 0 ] ; then\n    # print error to STDERR\n    echo \"error: The sandbox is not in sync with the Podfile.lock. Run 'pod install' or update your CocoaPods installation.\" >&2\n    exit 1\nfi\n";
			showEnvVarsInLog = 0;
		};
/* End PBXShellScriptBuildPhase section */

/* Begin PBXSourcesBuildPhase section */
		631519181DF0E5C60073296F /* Sources */ = {
			isa = PBXSourcesBuildPhase;
			buildActionMask = 2147483647;
			files = (
				631519371DF0EBD40073296F /* Produs.swift in Sources */,
				631519351DF0E6D40073296F /* ScannerController.swift in Sources */,
				631519221DF0E5C60073296F /* ViewController.swift in Sources */,
				631519201DF0E5C60073296F /* AppDelegate.swift in Sources */,
				631519281DF0E5C60073296F /* NisanScanner.xcdatamodeld in Sources */,
			);
			runOnlyForDeploymentPostprocessing = 0;
		};
/* End PBXSourcesBuildPhase section */

/* Begin PBXVariantGroup section */
		631519231DF0E5C60073296F /* Main.storyboard */ = {
			isa = PBXVariantGroup;
			children = (
				631519241DF0E5C60073296F /* Base */,
			);
			name = Main.storyboard;
			sourceTree = "<group>";
		};
		6315192B1DF0E5C60073296F /* LaunchScreen.storyboard */ = {
			isa = PBXVariantGroup;
			children = (
				6315192C1DF0E5C60073296F /* Base */,
			);
			name = LaunchScreen.storyboard;
			sourceTree = "<group>";
		};
/* End PBXVariantGroup section */

/* Begin XCBuildConfiguration section */
		6315192F1DF0E5C60073296F /* Debug */ = {
			isa = XCBuildConfiguration;
			buildSettings = {
				ALWAYS_SEARCH_USER_PATHS = NO;
				CLANG_ANALYZER_NONNULL = YES;
				CLANG_CXX_LANGUAGE_STANDARD = "gnu++0x";
				CLANG_CXX_LIBRARY = "libc++";
				CLANG_ENABLE_MODULES = YES;
				CLANG_ENABLE_OBJC_ARC = YES;
				CLANG_WARN_BOOL_CONVERSION = YES;
				CLANG_WARN_CONSTANT_CONVERSION = YES;
				CLANG_WARN_DIRECT_OBJC_ISA_USAGE = YES_ERROR;
				CLANG_WARN_DOCUMENTATION_COMMENTS = YES;
				CLANG_WARN_EMPTY_BODY = YES;
				CLANG_WARN_ENUM_CONVERSION = YES;
				CLANG_WARN_INFINITE_RECURSION = YES;
				CLANG_WARN_INT_CONVERSION = YES;
				CLANG_WARN_OBJC_ROOT_CLASS = YES_ERROR;
				CLANG_WARN_SUSPICIOUS_MOVE = YES;
				CLANG_WARN_SUSPICIOUS_MOVES = YES;
				CLANG_WARN_UNREACHABLE_CODE = YES;
				CLANG_WARN__DUPLICATE_METHOD_MATCH = YES;
				"CODE_SIGN_IDENTITY[sdk=iphoneos*]" = "iPhone Developer";
				COPY_PHASE_STRIP = NO;
				DEBUG_INFORMATION_FORMAT = dwarf;
				ENABLE_STRICT_OBJC_MSGSEND = YES;
				ENABLE_TESTABILITY = YES;
				GCC_C_LANGUAGE_STANDARD = gnu99;
				GCC_DYNAMIC_NO_PIC = NO;
				GCC_NO_COMMON_BLOCKS = YES;
				GCC_OPTIMIZATION_LEVEL = 0;
				GCC_PREPROCESSOR_DEFINITIONS = (
					"DEBUG=1",
					"$(inherited)",
				);
				GCC_WARN_64_TO_32_BIT_CONVERSION = YES;
				GCC_WARN_ABOUT_RETURN_TYPE = YES_ERROR;
				GCC_WARN_UNDECLARED_SELECTOR = YES;
				GCC_WARN_UNINITIALIZED_AUTOS = YES_AGGRESSIVE;
				GCC_WARN_UNUSED_FUNCTION = YES;
				GCC_WARN_UNUSED_VARIABLE = YES;
				IPHONEOS_DEPLOYMENT_TARGET = 10.1;
				MTL_ENABLE_DEBUG_INFO = YES;
				ONLY_ACTIVE_ARCH = YES;
				SDKROOT = iphoneos;
				SWIFT_ACTIVE_COMPILATION_CONDITIONS = DEBUG;
				SWIFT_OPTIMIZATION_LEVEL = "-Onone";
				TARGETED_DEVICE_FAMILY = "1,2";
			};
			name = Debug;
		};
		631519301DF0E5C60073296F /* Release */ = {
			isa = XCBuildConfiguration;
			buildSettings = {
				ALWAYS_SEARCH_USER_PATHS = NO;
				CLANG_ANALYZER_NONNULL = YES;
				CLANG_CXX_LANGUAGE_STANDARD = "gnu++0x";
				CLANG_CXX_LIBRARY = "libc++";
				CLANG_ENABLE_MODULES = YES;
				CLANG_ENABLE_OBJC_ARC = YES;
				CLANG_WARN_BOOL_CONVERSION = YES;
				CLANG_WARN_CONSTANT_CONVERSION = YES;
				CLANG_WARN_DIRECT_OBJC_ISA_USAGE = YES_ERROR;
				CLANG_WARN_DOCUMENTATION_COMMENTS = YES;
				CLANG_WARN_EMPTY_BODY = YES;
				CLANG_WARN_ENUM_CONVERSION = YES;
				CLANG_WARN_INFINITE_RECURSION = YES;
				CLANG_WARN_INT_CONVERSION = YES;
				CLANG_WARN_OBJC_ROOT_CLASS = YES_ERROR;
				CLANG_WARN_SUSPICIOUS_MOVE = YES;
				CLANG_WARN_SUSPICIOUS_MOVES = YES;
				CLANG_WARN_UNREACHABLE_CODE = YES;
				CLANG_WARN__DUPLICATE_METHOD_MATCH = YES;
				"CODE_SIGN_IDENTITY[sdk=iphoneos*]" = "iPhone Developer";
				COPY_PHASE_STRIP = NO;
				DEBUG_INFORMATION_FORMAT = "dwarf-with-dsym";
				ENABLE_NS_ASSERTIONS = NO;
				ENABLE_STRICT_OBJC_MSGSEND = YES;
				GCC_C_LANGUAGE_STANDARD = gnu99;
				GCC_NO_COMMON_BLOCKS = YES;
				GCC_WARN_64_TO_32_BIT_CONVERSION = YES;
				GCC_WARN_ABOUT_RETURN_TYPE = YES_ERROR;
				GCC_WARN_UNDECLARED_SELECTOR = YES;
				GCC_WARN_UNINITIALIZED_AUTOS = YES_AGGRESSIVE;
				GCC_WARN_UNUSED_FUNCTION = YES;
				GCC_WARN_UNUSED_VARIABLE = YES;
				IPHONEOS_DEPLOYMENT_TARGET = 10.1;
				MTL_ENABLE_DEBUG_INFO = NO;
				SDKROOT = iphoneos;
				SWIFT_OPTIMIZATION_LEVEL = "-Owholemodule";
				TARGETED_DEVICE_FAMILY = "1,2";
				VALIDATE_PRODUCT = YES;
			};
			name = Release;
		};
		631519321DF0E5C60073296F /* Debug */ = {
			isa = XCBuildConfiguration;
			baseConfigurationReference = EE8C2B38B0BAC901B3FBA3FF /* Pods-NisanScanner.debug.xcconfig */;
			buildSettings = {
				ASSETCATALOG_COMPILER_APPICON_NAME = AppIcon;
				DEVELOPMENT_TEAM = 598JXASR93;
				INFOPLIST_FILE = NisanScanner/Info.plist;
				LD_RUNPATH_SEARCH_PATHS = "$(inherited) @executable_path/Frameworks";
				PRODUCT_BUNDLE_IDENTIFIER = RaduApps.NisanScanner;
				PRODUCT_NAME = "$(TARGET_NAME)";
				SWIFT_VERSION = 3.0;
			};
			name = Debug;
		};
		631519331DF0E5C60073296F /* Release */ = {
			isa = XCBuildConfiguration;
			baseConfigurationReference = 9B8C4102C03528ABAD4E2D77 /* Pods-NisanScanner.release.xcconfig */;
			buildSettings = {
				ASSETCATALOG_COMPILER_APPICON_NAME = AppIcon;
				DEVELOPMENT_TEAM = 598JXASR93;
				INFOPLIST_FILE = NisanScanner/Info.plist;
				LD_RUNPATH_SEARCH_PATHS = "$(inherited) @executable_path/Frameworks";
				PRODUCT_BUNDLE_IDENTIFIER = RaduApps.NisanScanner;
				PRODUCT_NAME = "$(TARGET_NAME)";
				SWIFT_VERSION = 3.0;
			};
			name = Release;
		};
/* End XCBuildConfiguration section */

/* Begin XCConfigurationList section */
		631519171DF0E5C60073296F /* Build configuration list for PBXProject "NisanScanner" */ = {
			isa = XCConfigurationList;
			buildConfigurations = (
				6315192F1DF0E5C60073296F /* Debug */,
				631519301DF0E5C60073296F /* Release */,
			);
			defaultConfigurationIsVisible = 0;
			defaultConfigurationName = Release;
		};
		631519311DF0E5C60073296F /* Build configuration list for PBXNativeTarget "NisanScanner" */ = {
			isa = XCConfigurationList;
			buildConfigurations = (
				631519321DF0E5C60073296F /* Debug */,
				631519331DF0E5C60073296F /* Release */,
			);
			defaultConfigurationIsVisible = 0;
			defaultConfigurationName = Release;
		};
/* End XCConfigurationList section */

/* Begin XCVersionGroup section */
		631519261DF0E5C60073296F /* NisanScanner.xcdatamodeld */ = {
			isa = XCVersionGroup;
			children = (
				631519271DF0E5C60073296F /* NisanScanner.xcdatamodel */,
			);
			currentVersion = 631519271DF0E5C60073296F /* NisanScanner.xcdatamodel */;
			path = NisanScanner.xcdatamodeld;
			sourceTree = "<group>";
			versionGroupType = wrapper.xcdatamodel;
		};
/* End XCVersionGroup section */
	};
	rootObject = 631519141DF0E5C60073296F /* Project object */;
}
